<Solution>
  <Project Path="Unity.InputSystem.csproj" />
  <Project Path="UnityEngine.TestRunner.csproj" />
  <Project Path="Unity.Multiplayer.Center.Editor.csproj" />
  <Project Path="UnityEditor.TestRunner.csproj" />
  <Project Path="Unity.InputSystem.ForUI.Editor.csproj" />
  <Project Path="Unity.VisualStudio.Editor.csproj" />
  <Project Path="LastGod.Core.csproj" />
  <Project Path="Unity.InputSystem.TestFramework.csproj" />
  <Project Path="Unity.InputSystem.ForUI.csproj" />
  <Project Path="LastGod.Player.csproj" />
  <Project Path="Assembly-CSharp.csproj" />
  <Project Path="Unity.Multiplayer.Center.Common.csproj" />
  <Project Path="Unity.InputSystem.DocCodeSamples.csproj" />
</Solution>
